
Microsoft Visual Studio Solution File, Format Version 12.00
# Visual Studio 2012
Project("{FAE04EC0-301F-11D3-BF4B-00C04F79EFBC}") = "Kukkii", "src\Kukkii\Kukkii.csproj", "{A07B42CD-85D8-4E3B-98AA-F382F980EFD6}"
EndProject
Project("{FAE04EC0-301F-11D3-BF4B-00C04F79EFBC}") = "Kukkii.UnitTests", "src\Tests\Kukkii.UnitTests\Kukkii.UnitTests.csproj", "{366AB291-339A-4B91-A029-BC89AA1717C4}"
EndProject
Project("{FAE04EC0-301F-11D3-BF4B-00C04F79EFBC}") = "Kukkii.FS.Windows", "src\Kukkii.FS.Windows\Kukkii.FS.Windows.csproj", "{2EAF4C85-5EDD-424A-B398-2B49B02B926A}"
EndProject
Global
	GlobalSection(SolutionConfigurationPlatforms) = preSolution
		Debug|Any CPU = Debug|Any CPU
		Release|Any CPU = Release|Any CPU
	EndGlobalSection
	GlobalSection(ProjectConfigurationPlatforms) = postSolution
		{A07B42CD-85D8-4E3B-98AA-F382F980EFD6}.Debug|Any CPU.ActiveCfg = Debug|Any CPU
		{A07B42CD-85D8-4E3B-98AA-F382F980EFD6}.Debug|Any CPU.Build.0 = Debug|Any CPU
		{A07B42CD-85D8-4E3B-98AA-F382F980EFD6}.Release|Any CPU.ActiveCfg = Release|Any CPU
		{A07B42CD-85D8-4E3B-98AA-F382F980EFD6}.Release|Any CPU.Build.0 = Release|Any CPU
		{366AB291-339A-4B91-A029-BC89AA1717C4}.Debug|Any CPU.ActiveCfg = Debug|Any CPU
		{366AB291-339A-4B91-A029-BC89AA1717C4}.Debug|Any CPU.Build.0 = Debug|Any CPU
		{366AB291-339A-4B91-A029-BC89AA1717C4}.Release|Any CPU.ActiveCfg = Release|Any CPU
		{366AB291-339A-4B91-A029-BC89AA1717C4}.Release|Any CPU.Build.0 = Release|Any CPU
		{2EAF4C85-5EDD-424A-B398-2B49B02B926A}.Debug|Any CPU.ActiveCfg = Debug|Any CPU
		{2EAF4C85-5EDD-424A-B398-2B49B02B926A}.Debug|Any CPU.Build.0 = Debug|Any CPU
		{2EAF4C85-5EDD-424A-B398-2B49B02B926A}.Release|Any CPU.ActiveCfg = Release|Any CPU
		{2EAF4C85-5EDD-424A-B398-2B49B02B926A}.Release|Any CPU.Build.0 = Release|Any CPU
	EndGlobalSection
	GlobalSection(SolutionProperties) = preSolution
		HideSolutionNode = FALSE
	EndGlobalSection
EndGlobal
